
Microsoft Visual Studio Solution File, Format Version 12.00
# Visual Studio Version 17
VisualStudioVersion = 17.0.31903.59
MinimumVisualStudioVersion = 10.0.40219.1
Project("{9A19103F-16F7-4668-BE54-9A1E7A4F7556}") = "StoreApp.WebAPI", "StoreApp.WebAPI\StoreApp.WebAPI.csproj", "{ED4D95AD-00AA-4A21-9007-4FCC499C6D74}"
EndProject
Project("{9A19103F-16F7-4668-BE54-9A1E7A4F7556}") = "StoreApp.Entities", "StoreApp.Entities\StoreApp.Entities.csproj", "{6ECB365B-0FF3-49A1-8198-0655BBE347BF}"
EndProject
Project("{9A19103F-16F7-4668-BE54-9A1E7A4F7556}") = "StoreApp.Repositories", "StoreApp.Repositories\StoreApp.Repositories.csproj", "{B7E3D40C-8EF3-4AC1-A815-D967B442AFE4}"
EndProject
Project("{FAE04EC0-301F-11D3-BF4B-00C04F79EFBC}") = "StoreApp.Services", "StoreApp.Services\StoreApp.Services.csproj", "{E7EFCADF-836B-40BC-8DCA-E7E6F12F019F}"
EndProject
Project("{FAE04EC0-301F-11D3-BF4B-00C04F79EFBC}") = "StoreApp.Presentation", "StoreApp.Presentation\StoreApp.Presentation.csproj", "{8D586FA0-7DB2-4A15-8F79-91CA6953F697}"
EndProject
Global
	GlobalSection(SolutionConfigurationPlatforms) = preSolution
		Debug|Any CPU = Debug|Any CPU
		Release|Any CPU = Release|Any CPU
	EndGlobalSection
	GlobalSection(ProjectConfigurationPlatforms) = postSolution
		{ED4D95AD-00AA-4A21-9007-4FCC499C6D74}.Debug|Any CPU.ActiveCfg = Debug|Any CPU
		{ED4D95AD-00AA-4A21-9007-4FCC499C6D74}.Debug|Any CPU.Build.0 = Debug|Any CPU
		{ED4D95AD-00AA-4A21-9007-4FCC499C6D74}.Release|Any CPU.ActiveCfg = Release|Any CPU
		{ED4D95AD-00AA-4A21-9007-4FCC499C6D74}.Release|Any CPU.Build.0 = Release|Any CPU
		{6ECB365B-0FF3-49A1-8198-0655BBE347BF}.Debug|Any CPU.ActiveCfg = Debug|Any CPU
		{6ECB365B-0FF3-49A1-8198-0655BBE347BF}.Debug|Any CPU.Build.0 = Debug|Any CPU
		{6ECB365B-0FF3-49A1-8198-0655BBE347BF}.Release|Any CPU.ActiveCfg = Release|Any CPU
		{6ECB365B-0FF3-49A1-8198-0655BBE347BF}.Release|Any CPU.Build.0 = Release|Any CPU
		{B7E3D40C-8EF3-4AC1-A815-D967B442AFE4}.Debug|Any CPU.ActiveCfg = Debug|Any CPU
		{B7E3D40C-8EF3-4AC1-A815-D967B442AFE4}.Debug|Any CPU.Build.0 = Debug|Any CPU
		{B7E3D40C-8EF3-4AC1-A815-D967B442AFE4}.Release|Any CPU.ActiveCfg = Release|Any CPU
		{B7E3D40C-8EF3-4AC1-A815-D967B442AFE4}.Release|Any CPU.Build.0 = Release|Any CPU
		{E7EFCADF-836B-40BC-8DCA-E7E6F12F019F}.Debug|Any CPU.ActiveCfg = Debug|Any CPU
		{E7EFCADF-836B-40BC-8DCA-E7E6F12F019F}.Debug|Any CPU.Build.0 = Debug|Any CPU
		{E7EFCADF-836B-40BC-8DCA-E7E6F12F019F}.Release|Any CPU.ActiveCfg = Release|Any CPU
		{E7EFCADF-836B-40BC-8DCA-E7E6F12F019F}.Release|Any CPU.Build.0 = Release|Any CPU
		{8D586FA0-7DB2-4A15-8F79-91CA6953F697}.Debug|Any CPU.ActiveCfg = Debug|Any CPU
		{8D586FA0-7DB2-4A15-8F79-91CA6953F697}.Debug|Any CPU.Build.0 = Debug|Any CPU
		{8D586FA0-7DB2-4A15-8F79-91CA6953F697}.Release|Any CPU.ActiveCfg = Release|Any CPU
		{8D586FA0-7DB2-4A15-8F79-91CA6953F697}.Release|Any CPU.Build.0 = Release|Any CPU
	EndGlobalSection
	GlobalSection(SolutionProperties) = preSolution
		HideSolutionNode = FALSE
	EndGlobalSection
	GlobalSection(ExtensibilityGlobals) = postSolution
		SolutionGuid = {007AD64C-424F-4F68-B586-3239C9A67336}
	EndGlobalSection
EndGlobal
